
Microsoft Visual Studio Solution File, Format Version 12.00
# Visual Studio Version 17
VisualStudioVersion = 17.14.36518.9 d17.14
MinimumVisualStudioVersion = 10.0.40219.1
Project("{FAE04EC0-301F-11D3-BF4B-00C04F79EFBC}") = "OvaScreenUI", "OvaScreenUI.csproj", "{70FBD81E-120C-41AE-8BAC-96186ED75610}"
EndProject
Global
	GlobalSection(SolutionConfigurationPlatforms) = preSolution
		Debug|Any CPU = Debug|Any CPU
		Release|Any CPU = Release|Any CPU
	EndGlobalSection
	GlobalSection(ProjectConfigurationPlatforms) = postSolution
		{70FBD81E-120C-41AE-8BAC-96186ED75610}.Debug|Any CPU.ActiveCfg = Debug|Any CPU
		{70FBD81E-120C-41AE-8BAC-96186ED75610}.Debug|Any CPU.Build.0 = Debug|Any CPU
		{70FBD81E-120C-41AE-8BAC-96186ED75610}.Release|Any CPU.ActiveCfg = Release|Any CPU
		{70FBD81E-120C-41AE-8BAC-96186ED75610}.Release|Any CPU.Build.0 = Release|Any CPU
	EndGlobalSection
	GlobalSection(SolutionProperties) = preSolution
		HideSolutionNode = FALSE
	EndGlobalSection
	GlobalSection(ExtensibilityGlobals) = postSolution
		SolutionGuid = {FB41BB94-E87A-4307-823D-C36180205CBB}
	EndGlobalSection
EndGlobal
